
Microsoft Visual Studio Solution File, Format Version 12.00
# Visual Studio Version 17
VisualStudioVersion = 17.0.31919.166
MinimumVisualStudioVersion = 10.0.40219.1
Project("{FAE04EC0-301F-11D3-BF4B-00C04F79EFBC}") = "ProgettoFinale_GuidoCafarelli", "ProgettoFinale_GuidoCafarelli\ProgettoFinale_GuidoCafarelli.csproj", "{3DB5D795-6A68-4DCE-8AFD-BC49C0BC2473}"
EndProject
Global
	GlobalSection(SolutionConfigurationPlatforms) = preSolution
		Debug|Any CPU = Debug|Any CPU
		Release|Any CPU = Release|Any CPU
	EndGlobalSection
	GlobalSection(ProjectConfigurationPlatforms) = postSolution
		{3DB5D795-6A68-4DCE-8AFD-BC49C0BC2473}.Debug|Any CPU.ActiveCfg = Debug|Any CPU
		{3DB5D795-6A68-4DCE-8AFD-BC49C0BC2473}.Debug|Any CPU.Build.0 = Debug|Any CPU
		{3DB5D795-6A68-4DCE-8AFD-BC49C0BC2473}.Release|Any CPU.ActiveCfg = Release|Any CPU
		{3DB5D795-6A68-4DCE-8AFD-BC49C0BC2473}.Release|Any CPU.Build.0 = Release|Any CPU
	EndGlobalSection
	GlobalSection(SolutionProperties) = preSolution
		HideSolutionNode = FALSE
	EndGlobalSection
	GlobalSection(ExtensibilityGlobals) = postSolution
		SolutionGuid = {3C24004E-0185-449A-B0B7-D1C0FEAC3B2F}
	EndGlobalSection
EndGlobal
